
Microsoft Visual Studio Solution File, Format Version 12.00
# Visual Studio 2013
VisualStudioVersion = 12.0.30324.0
MinimumVisualStudioVersion = 10.0.40219.1
Project("{2150E333-8FDC-42A3-9474-1A3956D46DE8}") = "Solution Items", "Solution Items", "{D86CA88B-C689-4E63-BDA7-CA2746D79675}"
	ProjectSection(SolutionItems) = preProject
		.gitignore = .gitignore
		public\web.config = public\web.config
	EndProjectSection
EndProject
Project("{A0786B88-2ADB-4C21-ABE8-AA2D79766269}") = "WordPressTheme", "theme\WordPressTheme.phpproj", "{D64B36CB-80D1-4980-BEFC-7758FE2BA5CC}"
EndProject
Global
	GlobalSection(SolutionConfigurationPlatforms) = preSolution
		Debug|Any CPU = Debug|Any CPU
		Release|Any CPU = Release|Any CPU
	EndGlobalSection
	GlobalSection(ProjectConfigurationPlatforms) = postSolution
		{D64B36CB-80D1-4980-BEFC-7758FE2BA5CC}.Debug|Any CPU.ActiveCfg = Debug|Any CPU
		{D64B36CB-80D1-4980-BEFC-7758FE2BA5CC}.Debug|Any CPU.Build.0 = Debug|Any CPU
		{D64B36CB-80D1-4980-BEFC-7758FE2BA5CC}.Release|Any CPU.ActiveCfg = Release|Any CPU
		{D64B36CB-80D1-4980-BEFC-7758FE2BA5CC}.Release|Any CPU.Build.0 = Release|Any CPU
	EndGlobalSection
	GlobalSection(SolutionProperties) = preSolution
		HideSolutionNode = FALSE
	EndGlobalSection
EndGlobal
